// !$*UTF8*$!
{
	archiveVersion = 1;
	classes = {
	};
	objectVersion = 50;
	objects = {

/* Begin PBXBuildFile section */
		0C787B6A2591D84E00E04553 /* AppDelegate.swift in Sources */ = {isa = PBXBuildFile; fileRef = 0C787B692591D84E00E04553 /* AppDelegate.swift */; };
		0C787B6E2591D84E00E04553 /* ViewController.swift in Sources */ = {isa = PBXBuildFile; fileRef = 0C787B6D2591D84E00E04553 /* ViewController.swift */; };
		0C787B712591D84E00E04553 /* Main.storyboard in Resources */ = {isa = PBXBuildFile; fileRef = 0C787B6F2591D84E00E04553 /* Main.storyboard */; };
		0C787B732591D85000E04553 /* Assets.xcassets in Resources */ = {isa = PBXBuildFile; fileRef = 0C787B722591D85000E04553 /* Assets.xcassets */; };
		0C787B762591D85000E04553 /* LaunchScreen.storyboard in Resources */ = {isa = PBXBuildFile; fileRef = 0C787B742591D85000E04553 /* LaunchScreen.storyboard */; };
		0C787B812591D85000E04553 /* HKAlbumPickerTests.swift in Sources */ = {isa = PBXBuildFile; fileRef = 0C787B802591D85000E04553 /* HKAlbumPickerTests.swift */; };
		0C787B8C2591D85000E04553 /* HKAlbumPickerUITests.swift in Sources */ = {isa = PBXBuildFile; fileRef = 0C787B8B2591D85000E04553 /* HKAlbumPickerUITests.swift */; };
		0C80B66E2592130000E40A80 /* HKAlbumCameraVC.swift in Sources */ = {isa = PBXBuildFile; fileRef = 0C80B6542592130000E40A80 /* HKAlbumCameraVC.swift */; };
		0C80B66F2592130000E40A80 /* HKAlbumBrowerVC.swift in Sources */ = {isa = PBXBuildFile; fileRef = 0C80B6552592130000E40A80 /* HKAlbumBrowerVC.swift */; };
		0C80B6702592130000E40A80 /* HKAlbumListCell.swift in Sources */ = {isa = PBXBuildFile; fileRef = 0C80B6572592130000E40A80 /* HKAlbumListCell.swift */; };
		0C80B6712592130000E40A80 /* HKAlumBrowerCell.swift in Sources */ = {isa = PBXBuildFile; fileRef = 0C80B6582592130000E40A80 /* HKAlumBrowerCell.swift */; };
		0C80B6722592130000E40A80 /* HKAlbumCollectionCell.swift in Sources */ = {isa = PBXBuildFile; fileRef = 0C80B6592592130000E40A80 /* HKAlbumCollectionCell.swift */; };
		0C80B6732592130000E40A80 /* HKAlbumCollectionVC.swift in Sources */ = {isa = PBXBuildFile; fileRef = 0C80B65A2592130000E40A80 /* HKAlbumCollectionVC.swift */; };
		0C80B6742592130000E40A80 /* HKAlbumManager.swift in Sources */ = {isa = PBXBuildFile; fileRef = 0C80B65B2592130000E40A80 /* HKAlbumManager.swift */; };
		0C80B6752592130000E40A80 /* takePhoto_btn@2x.png in Resources */ = {isa = PBXBuildFile; fileRef = 0C80B65D2592130000E40A80 /* takePhoto_btn@2x.png */; };
		0C80B6762592130000E40A80 /* takePhoto_btn@3x.png in Resources */ = {isa = PBXBuildFile; fileRef = 0C80B65E2592130000E40A80 /* takePhoto_btn@3x.png */; };
		0C80B6772592130000E40A80 /* back_white@3x.png in Resources */ = {isa = PBXBuildFile; fileRef = 0C80B65F2592130000E40A80 /* back_white@3x.png */; };
		0C80B6782592130000E40A80 /* camera_turn@3x.png in Resources */ = {isa = PBXBuildFile; fileRef = 0C80B6602592130000E40A80 /* camera_turn@3x.png */; };
		0C80B6792592130000E40A80 /* camera_turn@2x.png in Resources */ = {isa = PBXBuildFile; fileRef = 0C80B6612592130000E40A80 /* camera_turn@2x.png */; };
		0C80B67A2592130000E40A80 /* back_white@2x.png in Resources */ = {isa = PBXBuildFile; fileRef = 0C80B6622592130000E40A80 /* back_white@2x.png */; };
		0C80B67B2592130000E40A80 /* CellBlueSelected@2x.png in Resources */ = {isa = PBXBuildFile; fileRef = 0C80B6632592130000E40A80 /* CellBlueSelected@2x.png */; };
		0C80B67C2592130000E40A80 /* up_gray@3x.png in Resources */ = {isa = PBXBuildFile; fileRef = 0C80B6642592130000E40A80 /* up_gray@3x.png */; };
		0C80B67D2592130000E40A80 /* up_gray@2x.png in Resources */ = {isa = PBXBuildFile; fileRef = 0C80B6652592130000E40A80 /* up_gray@2x.png */; };
		0C80B67E2592130000E40A80 /* CellGreySelected@2x.png in Resources */ = {isa = PBXBuildFile; fileRef = 0C80B6662592130000E40A80 /* CellGreySelected@2x.png */; };
		0C80B67F2592130000E40A80 /* closeX@2x.png in Resources */ = {isa = PBXBuildFile; fileRef = 0C80B6672592130000E40A80 /* closeX@2x.png */; };
		0C80B6802592130000E40A80 /* down_gray@3x.png in Resources */ = {isa = PBXBuildFile; fileRef = 0C80B6682592130000E40A80 /* down_gray@3x.png */; };
		0C80B6812592130000E40A80 /* down_gray@2x.png in Resources */ = {isa = PBXBuildFile; fileRef = 0C80B6692592130000E40A80 /* down_gray@2x.png */; };
		0C80B6822592130000E40A80 /* closeX@3x.png in Resources */ = {isa = PBXBuildFile; fileRef = 0C80B66A2592130000E40A80 /* closeX@3x.png */; };
		0C80B6832592130000E40A80 /* HKAlbumListView.swift in Sources */ = {isa = PBXBuildFile; fileRef = 0C80B66C2592130000E40A80 /* HKAlbumListView.swift */; };
		0C80B6842592130000E40A80 /* HKAlbumCropView.swift in Sources */ = {isa = PBXBuildFile; fileRef = 0C80B66D2592130000E40A80 /* HKAlbumCropView.swift */; };
		9163F8C2662991F8F90265BD /* Pods_HKAlbumPicker.framework in Frameworks */ = {isa = PBXBuildFile; fileRef = 9507C850A41D5CB7DA614EBE /* Pods_HKAlbumPicker.framework */; };
		9FA948A3FD788BC088A6C6C7 /* Pods_HKAlbumPickerTests.framework in Frameworks */ = {isa = PBXBuildFile; fileRef = CE90A30BDDAD866442FAB8FF /* Pods_HKAlbumPickerTests.framework */; };
		E86A4819C8EC7D9CAAC790ED /* Pods_HKAlbumPicker_HKAlbumPickerUITests.framework in Frameworks */ = {isa = PBXBuildFile; fileRef = 2966F5AC7B68A113C1C21215 /* Pods_HKAlbumPicker_HKAlbumPickerUITests.framework */; };
/* End PBXBuildFile section */

/* Begin PBXContainerItemProxy section */
		0C787B7D2591D85000E04553 /* PBXContainerItemProxy */ = {
			isa = PBXContainerItemProxy;
			containerPortal = 0C787B5E2591D84E00E04553 /* Project object */;
			proxyType = 1;
			remoteGlobalIDString = 0C787B652591D84E00E04553;
			remoteInfo = HKAlbumPicker;
		};
		0C787B882591D85000E04553 /* PBXContainerItemProxy */ = {
			isa = PBXContainerItemProxy;
			containerPortal = 0C787B5E2591D84E00E04553 /* Project object */;
			proxyType = 1;
			remoteGlobalIDString = 0C787B652591D84E00E04553;
			remoteInfo = HKAlbumPicker;
		};
/* End PBXContainerItemProxy section */

/* Begin PBXFileReference section */
		0C787B662591D84E00E04553 /* HKAlbumPicker.app */ = {isa = PBXFileReference; explicitFileType = wrapper.application; includeInIndex = 0; path = HKAlbumPicker.app; sourceTree = BUILT_PRODUCTS_DIR; };
		0C787B692591D84E00E04553 /* AppDelegate.swift */ = {isa = PBXFileReference; lastKnownFileType = sourcecode.swift; path = AppDelegate.swift; sourceTree = "<group>"; };
		0C787B6D2591D84E00E04553 /* ViewController.swift */ = {isa = PBXFileReference; lastKnownFileType = sourcecode.swift; path = ViewController.swift; sourceTree = "<group>"; };
		0C787B702591D84E00E04553 /* Base */ = {isa = PBXFileReference; lastKnownFileType = file.storyboard; name = Base; path = Base.lproj/Main.storyboard; sourceTree = "<group>"; };
		0C787B722591D85000E04553 /* Assets.xcassets */ = {isa = PBXFileReference; lastKnownFileType = folder.assetcatalog; path = Assets.xcassets; sourceTree = "<group>"; };
		0C787B752591D85000E04553 /* Base */ = {isa = PBXFileReference; lastKnownFileType = file.storyboard; name = Base; path = Base.lproj/LaunchScreen.storyboard; sourceTree = "<group>"; };
		0C787B772591D85000E04553 /* Info.plist */ = {isa = PBXFileReference; lastKnownFileType = text.plist.xml; path = Info.plist; sourceTree = "<group>"; };
		0C787B7C2591D85000E04553 /* HKAlbumPickerTests.xctest */ = {isa = PBXFileReference; explicitFileType = wrapper.cfbundle; includeInIndex = 0; path = HKAlbumPickerTests.xctest; sourceTree = BUILT_PRODUCTS_DIR; };
		0C787B802591D85000E04553 /* HKAlbumPickerTests.swift */ = {isa = PBXFileReference; lastKnownFileType = sourcecode.swift; path = HKAlbumPickerTests.swift; sourceTree = "<group>"; };
		0C787B822591D85000E04553 /* Info.plist */ = {isa = PBXFileReference; lastKnownFileType = text.plist.xml; path = Info.plist; sourceTree = "<group>"; };
		0C787B872591D85000E04553 /* HKAlbumPickerUITests.xctest */ = {isa = PBXFileReference; explicitFileType = wrapper.cfbundle; includeInIndex = 0; path = HKAlbumPickerUITests.xctest; sourceTree = BUILT_PRODUCTS_DIR; };
		0C787B8B2591D85000E04553 /* HKAlbumPickerUITests.swift */ = {isa = PBXFileReference; lastKnownFileType = sourcecode.swift; path = HKAlbumPickerUITests.swift; sourceTree = "<group>"; };
		0C787B8D2591D85000E04553 /* Info.plist */ = {isa = PBXFileReference; lastKnownFileType = text.plist.xml; path = Info.plist; sourceTree = "<group>"; };
		0C80B6542592130000E40A80 /* HKAlbumCameraVC.swift */ = {isa = PBXFileReference; fileEncoding = 4; lastKnownFileType = sourcecode.swift; path = HKAlbumCameraVC.swift; sourceTree = "<group>"; };
		0C80B6552592130000E40A80 /* HKAlbumBrowerVC.swift */ = {isa = PBXFileReference; fileEncoding = 4; lastKnownFileType = sourcecode.swift; path = HKAlbumBrowerVC.swift; sourceTree = "<group>"; };
		0C80B6572592130000E40A80 /* HKAlbumListCell.swift */ = {isa = PBXFileReference; fileEncoding = 4; lastKnownFileType = sourcecode.swift; path = HKAlbumListCell.swift; sourceTree = "<group>"; };
		0C80B6582592130000E40A80 /* HKAlumBrowerCell.swift */ = {isa = PBXFileReference; fileEncoding = 4; lastKnownFileType = sourcecode.swift; path = HKAlumBrowerCell.swift; sourceTree = "<group>"; };
		0C80B6592592130000E40A80 /* HKAlbumCollectionCell.swift */ = {isa = PBXFileReference; fileEncoding = 4; lastKnownFileType = sourcecode.swift; path = HKAlbumCollectionCell.swift; sourceTree = "<group>"; };
		0C80B65A2592130000E40A80 /* HKAlbumCollectionVC.swift */ = {isa = PBXFileReference; fileEncoding = 4; lastKnownFileType = sourcecode.swift; path = HKAlbumCollectionVC.swift; sourceTree = "<group>"; };
		0C80B65B2592130000E40A80 /* HKAlbumManager.swift */ = {isa = PBXFileReference; fileEncoding = 4; lastKnownFileType = sourcecode.swift; path = HKAlbumManager.swift; sourceTree = "<group>"; };
		0C80B65D2592130000E40A80 /* takePhoto_btn@2x.png */ = {isa = PBXFileReference; lastKnownFileType = image.png; path = "takePhoto_btn@2x.png"; sourceTree = "<group>"; };
		0C80B65E2592130000E40A80 /* takePhoto_btn@3x.png */ = {isa = PBXFileReference; lastKnownFileType = image.png; path = "takePhoto_btn@3x.png"; sourceTree = "<group>"; };
		0C80B65F2592130000E40A80 /* back_white@3x.png */ = {isa = PBXFileReference; lastKnownFileType = image.png; path = "back_white@3x.png"; sourceTree = "<group>"; };
		0C80B6602592130000E40A80 /* camera_turn@3x.png */ = {isa = PBXFileReference; lastKnownFileType = image.png; path = "camera_turn@3x.png"; sourceTree = "<group>"; };
		0C80B6612592130000E40A80 /* camera_turn@2x.png */ = {isa = PBXFileReference; lastKnownFileType = image.png; path = "camera_turn@2x.png"; sourceTree = "<group>"; };
		0C80B6622592130000E40A80 /* back_white@2x.png */ = {isa = PBXFileReference; lastKnownFileType = image.png; path = "back_white@2x.png"; sourceTree = "<group>"; };
		0C80B6632592130000E40A80 /* CellBlueSelected@2x.png */ = {isa = PBXFileReference; lastKnownFileType = image.png; path = "CellBlueSelected@2x.png"; sourceTree = "<group>"; };
		0C80B6642592130000E40A80 /* up_gray@3x.png */ = {isa = PBXFileReference; lastKnownFileType = image.png; path = "up_gray@3x.png"; sourceTree = "<group>"; };
		0C80B6652592130000E40A80 /* up_gray@2x.png */ = {isa = PBXFileReference; lastKnownFileType = image.png; path = "up_gray@2x.png"; sourceTree = "<group>"; };
		0C80B6662592130000E40A80 /* CellGreySelected@2x.png */ = {isa = PBXFileReference; lastKnownFileType = image.png; path = "CellGreySelected@2x.png"; sourceTree = "<group>"; };
		0C80B6672592130000E40A80 /* closeX@2x.png */ = {isa = PBXFileReference; lastKnownFileType = image.png; path = "closeX@2x.png"; sourceTree = "<group>"; };
		0C80B6682592130000E40A80 /* down_gray@3x.png */ = {isa = PBXFileReference; lastKnownFileType = image.png; path = "down_gray@3x.png"; sourceTree = "<group>"; };
		0C80B6692592130000E40A80 /* down_gray@2x.png */ = {isa = PBXFileReference; lastKnownFileType = image.png; path = "down_gray@2x.png"; sourceTree = "<group>"; };
		0C80B66A2592130000E40A80 /* closeX@3x.png */ = {isa = PBXFileReference; lastKnownFileType = image.png; path = "closeX@3x.png"; sourceTree = "<group>"; };
		0C80B66C2592130000E40A80 /* HKAlbumListView.swift */ = {isa = PBXFileReference; fileEncoding = 4; lastKnownFileType = sourcecode.swift; path = HKAlbumListView.swift; sourceTree = "<group>"; };
		0C80B66D2592130000E40A80 /* HKAlbumCropView.swift */ = {isa = PBXFileReference; fileEncoding = 4; lastKnownFileType = sourcecode.swift; path = HKAlbumCropView.swift; sourceTree = "<group>"; };
		12FA91781D1DCAE12B3F9623 /* Pods-HKAlbumPicker.debug.xcconfig */ = {isa = PBXFileReference; includeInIndex = 1; lastKnownFileType = text.xcconfig; name = "Pods-HKAlbumPicker.debug.xcconfig"; path = "Target Support Files/Pods-HKAlbumPicker/Pods-HKAlbumPicker.debug.xcconfig"; sourceTree = "<group>"; };
		2966F5AC7B68A113C1C21215 /* Pods_HKAlbumPicker_HKAlbumPickerUITests.framework */ = {isa = PBXFileReference; explicitFileType = wrapper.framework; includeInIndex = 0; path = Pods_HKAlbumPicker_HKAlbumPickerUITests.framework; sourceTree = BUILT_PRODUCTS_DIR; };
		2DC20230508E5DB07D096AF5 /* Pods-HKAlbumPickerTests.release.xcconfig */ = {isa = PBXFileReference; includeInIndex = 1; lastKnownFileType = text.xcconfig; name = "Pods-HKAlbumPickerTests.release.xcconfig"; path = "Target Support Files/Pods-HKAlbumPickerTests/Pods-HKAlbumPickerTests.release.xcconfig"; sourceTree = "<group>"; };
		2E32C27CBA3CA4726B012F10 /* Pods-HKAlbumPicker.release.xcconfig */ = {isa = PBXFileReference; includeInIndex = 1; lastKnownFileType = text.xcconfig; name = "Pods-HKAlbumPicker.release.xcconfig"; path = "Target Support Files/Pods-HKAlbumPicker/Pods-HKAlbumPicker.release.xcconfig"; sourceTree = "<group>"; };
		6DB7F9191E80A5C15DB44882 /* Pods-HKAlbumPickerTests.debug.xcconfig */ = {isa = PBXFileReference; includeInIndex = 1; lastKnownFileType = text.xcconfig; name = "Pods-HKAlbumPickerTests.debug.xcconfig"; path = "Target Support Files/Pods-HKAlbumPickerTests/Pods-HKAlbumPickerTests.debug.xcconfig"; sourceTree = "<group>"; };
		9507C850A41D5CB7DA614EBE /* Pods_HKAlbumPicker.framework */ = {isa = PBXFileReference; explicitFileType = wrapper.framework; includeInIndex = 0; path = Pods_HKAlbumPicker.framework; sourceTree = BUILT_PRODUCTS_DIR; };
		95FD6F5F628426BB058AB5D9 /* Pods-HKAlbumPicker-HKAlbumPickerUITests.debug.xcconfig */ = {isa = PBXFileReference; includeInIndex = 1; lastKnownFileType = text.xcconfig; name = "Pods-HKAlbumPicker-HKAlbumPickerUITests.debug.xcconfig"; path = "Target Support Files/Pods-HKAlbumPicker-HKAlbumPickerUITests/Pods-HKAlbumPicker-HKAlbumPickerUITests.debug.xcconfig"; sourceTree = "<group>"; };
		CE90A30BDDAD866442FAB8FF /* Pods_HKAlbumPickerTests.framework */ = {isa = PBXFileReference; explicitFileType = wrapper.framework; includeInIndex = 0; path = Pods_HKAlbumPickerTests.framework; sourceTree = BUILT_PRODUCTS_DIR; };
		D4DCFE1B05FABCED2AC99CC5 /* Pods-HKAlbumPicker-HKAlbumPickerUITests.release.xcconfig */ = {isa = PBXFileReference; includeInIndex = 1; lastKnownFileType = text.xcconfig; name = "Pods-HKAlbumPicker-HKAlbumPickerUITests.release.xcconfig"; path = "Target Support Files/Pods-HKAlbumPicker-HKAlbumPickerUITests/Pods-HKAlbumPicker-HKAlbumPickerUITests.release.xcconfig"; sourceTree = "<group>"; };
/* End PBXFileReference section */

/* Begin PBXFrameworksBuildPhase section */
		0C787B632591D84E00E04553 /* Frameworks */ = {
			isa = PBXFrameworksBuildPhase;
			buildActionMask = 2147483647;
			files = (
				9163F8C2662991F8F90265BD /* Pods_HKAlbumPicker.framework in Frameworks */,
			);
			runOnlyForDeploymentPostprocessing = 0;
		};
		0C787B792591D85000E04553 /* Frameworks */ = {
			isa = PBXFrameworksBuildPhase;
			buildActionMask = 2147483647;
			files = (
				9FA948A3FD788BC088A6C6C7 /* Pods_HKAlbumPickerTests.framework in Frameworks */,
			);
			runOnlyForDeploymentPostprocessing = 0;
		};
		0C787B842591D85000E04553 /* Frameworks */ = {
			isa = PBXFrameworksBuildPhase;
			buildActionMask = 2147483647;
			files = (
				E86A4819C8EC7D9CAAC790ED /* Pods_HKAlbumPicker_HKAlbumPickerUITests.framework in Frameworks */,
			);
			runOnlyForDeploymentPostprocessing = 0;
		};
/* End PBXFrameworksBuildPhase section */

/* Begin PBXGroup section */
		0C787B5D2591D84E00E04553 = {
			isa = PBXGroup;
			children = (
				0C787B682591D84E00E04553 /* HKAlbumPicker */,
				0C787B7F2591D85000E04553 /* HKAlbumPickerTests */,
				0C787B8A2591D85000E04553 /* HKAlbumPickerUITests */,
				0C787B672591D84E00E04553 /* Products */,
				A1F771981414CD2CB1282359 /* Pods */,
				CC27827199577A744726B752 /* Frameworks */,
			);
			sourceTree = "<group>";
		};
		0C787B672591D84E00E04553 /* Products */ = {
			isa = PBXGroup;
			children = (
				0C787B662591D84E00E04553 /* HKAlbumPicker.app */,
				0C787B7C2591D85000E04553 /* HKAlbumPickerTests.xctest */,
				0C787B872591D85000E04553 /* HKAlbumPickerUITests.xctest */,
			);
			name = Products;
			sourceTree = "<group>";
		};
		0C787B682591D84E00E04553 /* HKAlbumPicker */ = {
			isa = PBXGroup;
			children = (
				0C80B6532592130000E40A80 /* 1 */,
				0C787B692591D84E00E04553 /* AppDelegate.swift */,
				0C787B6D2591D84E00E04553 /* ViewController.swift */,
				0C787B6F2591D84E00E04553 /* Main.storyboard */,
				0C787B722591D85000E04553 /* Assets.xcassets */,
				0C787B742591D85000E04553 /* LaunchScreen.storyboard */,
				0C787B772591D85000E04553 /* Info.plist */,
			);
			path = HKAlbumPicker;
			sourceTree = "<group>";
		};
		0C787B7F2591D85000E04553 /* HKAlbumPickerTests */ = {
			isa = PBXGroup;
			children = (
				0C787B802591D85000E04553 /* HKAlbumPickerTests.swift */,
				0C787B822591D85000E04553 /* Info.plist */,
			);
			path = HKAlbumPickerTests;
			sourceTree = "<group>";
		};
		0C787B8A2591D85000E04553 /* HKAlbumPickerUITests */ = {
			isa = PBXGroup;
			children = (
				0C787B8B2591D85000E04553 /* HKAlbumPickerUITests.swift */,
				0C787B8D2591D85000E04553 /* Info.plist */,
			);
			path = HKAlbumPickerUITests;
			sourceTree = "<group>";
		};
		0C80B6532592130000E40A80 /* 1 */ = {
			isa = PBXGroup;
			children = (
				0C80B6542592130000E40A80 /* HKAlbumCameraVC.swift */,
				0C80B6552592130000E40A80 /* HKAlbumBrowerVC.swift */,
				0C80B6562592130000E40A80 /* AlbumCells */,
				0C80B65A2592130000E40A80 /* HKAlbumCollectionVC.swift */,
				0C80B65B2592130000E40A80 /* HKAlbumManager.swift */,
				0C80B65C2592130000E40A80 /* icon */,
				0C80B66B2592130000E40A80 /* Views */,
			);
			path = 1;
			sourceTree = SOURCE_ROOT;
		};
		0C80B6562592130000E40A80 /* AlbumCells */ = {
			isa = PBXGroup;
			children = (
				0C80B6572592130000E40A80 /* HKAlbumListCell.swift */,
				0C80B6582592130000E40A80 /* HKAlumBrowerCell.swift */,
				0C80B6592592130000E40A80 /* HKAlbumCollectionCell.swift */,
			);
			path = AlbumCells;
			sourceTree = "<group>";
		};
		0C80B65C2592130000E40A80 /* icon */ = {
			isa = PBXGroup;
			children = (
				0C80B65D2592130000E40A80 /* takePhoto_btn@2x.png */,
				0C80B65E2592130000E40A80 /* takePhoto_btn@3x.png */,
				0C80B65F2592130000E40A80 /* back_white@3x.png */,
				0C80B6602592130000E40A80 /* camera_turn@3x.png */,
				0C80B6612592130000E40A80 /* camera_turn@2x.png */,
				0C80B6622592130000E40A80 /* back_white@2x.png */,
				0C80B6632592130000E40A80 /* CellBlueSelected@2x.png */,
				0C80B6642592130000E40A80 /* up_gray@3x.png */,
				0C80B6652592130000E40A80 /* up_gray@2x.png */,
				0C80B6662592130000E40A80 /* CellGreySelected@2x.png */,
				0C80B6672592130000E40A80 /* closeX@2x.png */,
				0C80B6682592130000E40A80 /* down_gray@3x.png */,
				0C80B6692592130000E40A80 /* down_gray@2x.png */,
				0C80B66A2592130000E40A80 /* closeX@3x.png */,
			);
			path = icon;
			sourceTree = "<group>";
		};
		0C80B66B2592130000E40A80 /* Views */ = {
			isa = PBXGroup;
			children = (
				0C80B66C2592130000E40A80 /* HKAlbumListView.swift */,
				0C80B66D2592130000E40A80 /* HKAlbumCropView.swift */,
			);
			path = Views;
			sourceTree = "<group>";
		};
		A1F771981414CD2CB1282359 /* Pods */ = {
			isa = PBXGroup;
			children = (
				12FA91781D1DCAE12B3F9623 /* Pods-HKAlbumPicker.debug.xcconfig */,
				2E32C27CBA3CA4726B012F10 /* Pods-HKAlbumPicker.release.xcconfig */,
				95FD6F5F628426BB058AB5D9 /* Pods-HKAlbumPicker-HKAlbumPickerUITests.debug.xcconfig */,
				D4DCFE1B05FABCED2AC99CC5 /* Pods-HKAlbumPicker-HKAlbumPickerUITests.release.xcconfig */,
				6DB7F9191E80A5C15DB44882 /* Pods-HKAlbumPickerTests.debug.xcconfig */,
				2DC20230508E5DB07D096AF5 /* Pods-HKAlbumPickerTests.release.xcconfig */,
			);
			path = Pods;
			sourceTree = "<group>";
		};
		CC27827199577A744726B752 /* Frameworks */ = {
			isa = PBXGroup;
			children = (
				9507C850A41D5CB7DA614EBE /* Pods_HKAlbumPicker.framework */,
				2966F5AC7B68A113C1C21215 /* Pods_HKAlbumPicker_HKAlbumPickerUITests.framework */,
				CE90A30BDDAD866442FAB8FF /* Pods_HKAlbumPickerTests.framework */,
			);
			name = Frameworks;
			sourceTree = "<group>";
		};
/* End PBXGroup section */

/* Begin PBXNativeTarget section */
		0C787B652591D84E00E04553 /* HKAlbumPicker */ = {
			isa = PBXNativeTarget;
			buildConfigurationList = 0C787B902591D85000E04553 /* Build configuration list for PBXNativeTarget "HKAlbumPicker" */;
			buildPhases = (
				68A4DFF9F49521A15CF89E74 /* [CP] Check Pods Manifest.lock */,
				0C787B622591D84E00E04553 /* Sources */,
				0C787B632591D84E00E04553 /* Frameworks */,
				0C787B642591D84E00E04553 /* Resources */,
			);
			buildRules = (
			);
			dependencies = (
			);
			name = HKAlbumPicker;
			productName = HKAlbumPicker;
			productReference = 0C787B662591D84E00E04553 /* HKAlbumPicker.app */;
			productType = "com.apple.product-type.application";
		};
		0C787B7B2591D85000E04553 /* HKAlbumPickerTests */ = {
			isa = PBXNativeTarget;
			buildConfigurationList = 0C787B932591D85000E04553 /* Build configuration list for PBXNativeTarget "HKAlbumPickerTests" */;
			buildPhases = (
				A4A766E8FB3E403429CD6284 /* [CP] Check Pods Manifest.lock */,
				0C787B782591D85000E04553 /* Sources */,
				0C787B792591D85000E04553 /* Frameworks */,
				0C787B7A2591D85000E04553 /* Resources */,
			);
			buildRules = (
			);
			dependencies = (
				0C787B7E2591D85000E04553 /* PBXTargetDependency */,
			);
			name = HKAlbumPickerTests;
			productName = HKAlbumPickerTests;
			productReference = 0C787B7C2591D85000E04553 /* HKAlbumPickerTests.xctest */;
			productType = "com.apple.product-type.bundle.unit-test";
		};
		0C787B862591D85000E04553 /* HKAlbumPickerUITests */ = {
			isa = PBXNativeTarget;
			buildConfigurationList = 0C787B962591D85000E04553 /* Build configuration list for PBXNativeTarget "HKAlbumPickerUITests" */;
			buildPhases = (
				0432C90FE29F977F25DCEBF4 /* [CP] Check Pods Manifest.lock */,
				0C787B832591D85000E04553 /* Sources */,
				0C787B842591D85000E04553 /* Frameworks */,
				0C787B852591D85000E04553 /* Resources */,
			);
			buildRules = (
			);
			dependencies = (
				0C787B892591D85000E04553 /* PBXTargetDependency */,
			);
			name = HKAlbumPickerUITests;
			productName = HKAlbumPickerUITests;
			productReference = 0C787B872591D85000E04553 /* HKAlbumPickerUITests.xctest */;
			productType = "com.apple.product-type.bundle.ui-testing";
		};
/* End PBXNativeTarget section */

/* Begin PBXProject section */
		0C787B5E2591D84E00E04553 /* Project object */ = {
			isa = PBXProject;
			attributes = {
				LastSwiftUpdateCheck = 1140;
				LastUpgradeCheck = 1140;
				ORGANIZATIONNAME = AhriLiu;
				TargetAttributes = {
					0C787B652591D84E00E04553 = {
						CreatedOnToolsVersion = 11.4.1;
					};
					0C787B7B2591D85000E04553 = {
						CreatedOnToolsVersion = 11.4.1;
						TestTargetID = 0C787B652591D84E00E04553;
					};
					0C787B862591D85000E04553 = {
						CreatedOnToolsVersion = 11.4.1;
						TestTargetID = 0C787B652591D84E00E04553;
					};
				};
			};
			buildConfigurationList = 0C787B612591D84E00E04553 /* Build configuration list for PBXProject "HKAlbumPicker" */;
			compatibilityVersion = "Xcode 9.3";
			developmentRegion = en;
			hasScannedForEncodings = 0;
			knownRegions = (
				en,
				Base,
			);
			mainGroup = 0C787B5D2591D84E00E04553;
			productRefGroup = 0C787B672591D84E00E04553 /* Products */;
			projectDirPath = "";
			projectRoot = "";
			targets = (
				0C787B652591D84E00E04553 /* HKAlbumPicker */,
				0C787B7B2591D85000E04553 /* HKAlbumPickerTests */,
				0C787B862591D85000E04553 /* HKAlbumPickerUITests */,
			);
		};
/* End PBXProject section */

/* Begin PBXResourcesBuildPhase section */
		0C787B642591D84E00E04553 /* Resources */ = {
			isa = PBXResourcesBuildPhase;
			buildActionMask = 2147483647;
			files = (
				0C80B67A2592130000E40A80 /* back_white@2x.png in Resources */,
				0C80B6792592130000E40A80 /* camera_turn@2x.png in Resources */,
				0C80B67D2592130000E40A80 /* up_gray@2x.png in Resources */,
				0C80B6802592130000E40A80 /* down_gray@3x.png in Resources */,
				0C80B6782592130000E40A80 /* camera_turn@3x.png in Resources */,
				0C80B6772592130000E40A80 /* back_white@3x.png in Resources */,
				0C787B762591D85000E04553 /* LaunchScreen.storyboard in Resources */,
				0C80B6812592130000E40A80 /* down_gray@2x.png in Resources */,
				0C787B732591D85000E04553 /* Assets.xcassets in Resources */,
				0C80B6762592130000E40A80 /* takePhoto_btn@3x.png in Resources */,
				0C80B67F2592130000E40A80 /* closeX@2x.png in Resources */,
				0C80B67B2592130000E40A80 /* CellBlueSelected@2x.png in Resources */,
				0C80B6822592130000E40A80 /* closeX@3x.png in Resources */,
				0C80B67C2592130000E40A80 /* up_gray@3x.png in Resources */,
				0C787B712591D84E00E04553 /* Main.storyboard in Resources */,
				0C80B6752592130000E40A80 /* takePhoto_btn@2x.png in Resources */,
				0C80B67E2592130000E40A80 /* CellGreySelected@2x.png in Resources */,
			);
			runOnlyForDeploymentPostprocessing = 0;
		};
		0C787B7A2591D85000E04553 /* Resources */ = {
			isa = PBXResourcesBuildPhase;
			buildActionMask = 2147483647;
			files = (
			);
			runOnlyForDeploymentPostprocessing = 0;
		};
		0C787B852591D85000E04553 /* Resources */ = {
			isa = PBXResourcesBuildPhase;
			buildActionMask = 2147483647;
			files = (
			);
			runOnlyForDeploymentPostprocessing = 0;
		};
/* End PBXResourcesBuildPhase section */

/* Begin PBXShellScriptBuildPhase section */
		0432C90FE29F977F25DCEBF4 /* [CP] Check Pods Manifest.lock */ = {
			isa = PBXShellScriptBuildPhase;
			buildActionMask = 2147483647;
			files = (
			);
			inputFileListPaths = (
			);
			inputPaths = (
				"${PODS_PODFILE_DIR_PATH}/Podfile.lock",
				"${PODS_ROOT}/Manifest.lock",
			);
			name = "[CP] Check Pods Manifest.lock";
			outputFileListPaths = (
			);
			outputPaths = (
				"$(DERIVED_FILE_DIR)/Pods-HKAlbumPicker-HKAlbumPickerUITests-checkManifestLockResult.txt",
			);
			runOnlyForDeploymentPostprocessing = 0;
			shellPath = /bin/sh;
			shellScript = "diff \"${PODS_PODFILE_DIR_PATH}/Podfile.lock\" \"${PODS_ROOT}/Manifest.lock\" > /dev/null\nif [ $? != 0 ] ; then\n    # print error to STDERR\n    echo \"error: The sandbox is not in sync with the Podfile.lock. Run 'pod install' or update your CocoaPods installation.\" >&2\n    exit 1\nfi\n# This output is used by Xcode 'outputs' to avoid re-running this script phase.\necho \"SUCCESS\" > \"${SCRIPT_OUTPUT_FILE_0}\"\n";
			showEnvVarsInLog = 0;
		};
		68A4DFF9F49521A15CF89E74 /* [CP] Check Pods Manifest.lock */ = {
			isa = PBXShellScriptBuildPhase;
			buildActionMask = 2147483647;
			files = (
			);
			inputFileListPaths = (
			);
			inputPaths = (
				"${PODS_PODFILE_DIR_PATH}/Podfile.lock",
				"${PODS_ROOT}/Manifest.lock",
			);
			name = "[CP] Check Pods Manifest.lock";
			outputFileListPaths = (
			);
			outputPaths = (
				"$(DERIVED_FILE_DIR)/Pods-HKAlbumPicker-checkManifestLockResult.txt",
			);
			runOnlyForDeploymentPostprocessing = 0;
			shellPath = /bin/sh;
			shellScript = "diff \"${PODS_PODFILE_DIR_PATH}/Podfile.lock\" \"${PODS_ROOT}/Manifest.lock\" > /dev/null\nif [ $? != 0 ] ; then\n    # print error to STDERR\n    echo \"error: The sandbox is not in sync with the Podfile.lock. Run 'pod install' or update your CocoaPods installation.\" >&2\n    exit 1\nfi\n# This output is used by Xcode 'outputs' to avoid re-running this script phase.\necho \"SUCCESS\" > \"${SCRIPT_OUTPUT_FILE_0}\"\n";
			showEnvVarsInLog = 0;
		};
		A4A766E8FB3E403429CD6284 /* [CP] Check Pods Manifest.lock */ = {
			isa = PBXShellScriptBuildPhase;
			buildActionMask = 2147483647;
			files = (
			);
			inputFileListPaths = (
			);
			inputPaths = (
				"${PODS_PODFILE_DIR_PATH}/Podfile.lock",
				"${PODS_ROOT}/Manifest.lock",
			);
			name = "[CP] Check Pods Manifest.lock";
			outputFileListPaths = (
			);
			outputPaths = (
				"$(DERIVED_FILE_DIR)/Pods-HKAlbumPickerTests-checkManifestLockResult.txt",
			);
			runOnlyForDeploymentPostprocessing = 0;
			shellPath = /bin/sh;
			shellScript = "diff \"${PODS_PODFILE_DIR_PATH}/Podfile.lock\" \"${PODS_ROOT}/Manifest.lock\" > /dev/null\nif [ $? != 0 ] ; then\n    # print error to STDERR\n    echo \"error: The sandbox is not in sync with the Podfile.lock. Run 'pod install' or update your CocoaPods installation.\" >&2\n    exit 1\nfi\n# This output is used by Xcode 'outputs' to avoid re-running this script phase.\necho \"SUCCESS\" > \"${SCRIPT_OUTPUT_FILE_0}\"\n";
			showEnvVarsInLog = 0;
		};
/* End PBXShellScriptBuildPhase section */

/* Begin PBXSourcesBuildPhase section */
		0C787B622591D84E00E04553 /* Sources */ = {
			isa = PBXSourcesBuildPhase;
			buildActionMask = 2147483647;
			files = (
				0C787B6E2591D84E00E04553 /* ViewController.swift in Sources */,
				0C787B6A2591D84E00E04553 /* AppDelegate.swift in Sources */,
				0C80B6842592130000E40A80 /* HKAlbumCropView.swift in Sources */,
				0C80B6742592130000E40A80 /* HKAlbumManager.swift in Sources */,
				0C80B66F2592130000E40A80 /* HKAlbumBrowerVC.swift in Sources */,
				0C80B6722592130000E40A80 /* HKAlbumCollectionCell.swift in Sources */,
				0C80B6702592130000E40A80 /* HKAlbumListCell.swift in Sources */,
				0C80B6732592130000E40A80 /* HKAlbumCollectionVC.swift in Sources */,
				0C80B6832592130000E40A80 /* HKAlbumListView.swift in Sources */,
				0C80B6712592130000E40A80 /* HKAlumBrowerCell.swift in Sources */,
				0C80B66E2592130000E40A80 /* HKAlbumCameraVC.swift in Sources */,
			);
			runOnlyForDeploymentPostprocessing = 0;
		};
		0C787B782591D85000E04553 /* Sources */ = {
			isa = PBXSourcesBuildPhase;
			buildActionMask = 2147483647;
			files = (
				0C787B812591D85000E04553 /* HKAlbumPickerTests.swift in Sources */,
			);
			runOnlyForDeploymentPostprocessing = 0;
		};
		0C787B832591D85000E04553 /* Sources */ = {
			isa = PBXSourcesBuildPhase;
			buildActionMask = 2147483647;
			files = (
				0C787B8C2591D85000E04553 /* HKAlbumPickerUITests.swift in Sources */,
			);
			runOnlyForDeploymentPostprocessing = 0;
		};
/* End PBXSourcesBuildPhase section */

/* Begin PBXTargetDependency section */
		0C787B7E2591D85000E04553 /* PBXTargetDependency */ = {
			isa = PBXTargetDependency;
			target = 0C787B652591D84E00E04553 /* HKAlbumPicker */;
			targetProxy = 0C787B7D2591D85000E04553 /* PBXContainerItemProxy */;
		};
		0C787B892591D85000E04553 /* PBXTargetDependency */ = {
			isa = PBXTargetDependency;
			target = 0C787B652591D84E00E04553 /* HKAlbumPicker */;
			targetProxy = 0C787B882591D85000E04553 /* PBXContainerItemProxy */;
		};
/* End PBXTargetDependency section */

/* Begin PBXVariantGroup section */
		0C787B6F2591D84E00E04553 /* Main.storyboard */ = {
			isa = PBXVariantGroup;
			children = (
				0C787B702591D84E00E04553 /* Base */,
			);
			name = Main.storyboard;
			sourceTree = "<group>";
		};
		0C787B742591D85000E04553 /* LaunchScreen.storyboard */ = {
			isa = PBXVariantGroup;
			children = (
				0C787B752591D85000E04553 /* Base */,
			);
			name = LaunchScreen.storyboard;
			sourceTree = "<group>";
		};
/* End PBXVariantGroup section */

/* Begin XCBuildConfiguration section */
		0C787B8E2591D85000E04553 /* Debug */ = {
			isa = XCBuildConfiguration;
			buildSettings = {
				ALWAYS_SEARCH_USER_PATHS = NO;
				CLANG_ANALYZER_NONNULL = YES;
				CLANG_ANALYZER_NUMBER_OBJECT_CONVERSION = YES_AGGRESSIVE;
				CLANG_CXX_LANGUAGE_STANDARD = "gnu++14";
				CLANG_CXX_LIBRARY = "libc++";
				CLANG_ENABLE_MODULES = YES;
				CLANG_ENABLE_OBJC_ARC = YES;
				CLANG_ENABLE_OBJC_WEAK = YES;
				CLANG_WARN_BLOCK_CAPTURE_AUTORELEASING = YES;
				CLANG_WARN_BOOL_CONVERSION = YES;
				CLANG_WARN_COMMA = YES;
				CLANG_WARN_CONSTANT_CONVERSION = YES;
				CLANG_WARN_DEPRECATED_OBJC_IMPLEMENTATIONS = YES;
				CLANG_WARN_DIRECT_OBJC_ISA_USAGE = YES_ERROR;
				CLANG_WARN_DOCUMENTATION_COMMENTS = YES;
				CLANG_WARN_EMPTY_BODY = YES;
				CLANG_WARN_ENUM_CONVERSION = YES;
				CLANG_WARN_INFINITE_RECURSION = YES;
				CLANG_WARN_INT_CONVERSION = YES;
				CLANG_WARN_NON_LITERAL_NULL_CONVERSION = YES;
				CLANG_WARN_OBJC_IMPLICIT_RETAIN_SELF = YES;
				CLANG_WARN_OBJC_LITERAL_CONVERSION = YES;
				CLANG_WARN_OBJC_ROOT_CLASS = YES_ERROR;
				CLANG_WARN_RANGE_LOOP_ANALYSIS = YES;
				CLANG_WARN_STRICT_PROTOTYPES = YES;
				CLANG_WARN_SUSPICIOUS_MOVE = YES;
				CLANG_WARN_UNGUARDED_AVAILABILITY = YES_AGGRESSIVE;
				CLANG_WARN_UNREACHABLE_CODE = YES;
				CLANG_WARN__DUPLICATE_METHOD_MATCH = YES;
				COPY_PHASE_STRIP = NO;
				DEBUG_INFORMATION_FORMAT = dwarf;
				ENABLE_STRICT_OBJC_MSGSEND = YES;
				ENABLE_TESTABILITY = YES;
				GCC_C_LANGUAGE_STANDARD = gnu11;
				GCC_DYNAMIC_NO_PIC = NO;
				GCC_NO_COMMON_BLOCKS = YES;
				GCC_OPTIMIZATION_LEVEL = 0;
				GCC_PREPROCESSOR_DEFINITIONS = (
					"DEBUG=1",
					"$(inherited)",
				);
				GCC_WARN_64_TO_32_BIT_CONVERSION = YES;
				GCC_WARN_ABOUT_RETURN_TYPE = YES_ERROR;
				GCC_WARN_UNDECLARED_SELECTOR = YES;
				GCC_WARN_UNINITIALIZED_AUTOS = YES_AGGRESSIVE;
				GCC_WARN_UNUSED_FUNCTION = YES;
				GCC_WARN_UNUSED_VARIABLE = YES;
				IPHONEOS_DEPLOYMENT_TARGET = 13.4;
				MTL_ENABLE_DEBUG_INFO = INCLUDE_SOURCE;
				MTL_FAST_MATH = YES;
				ONLY_ACTIVE_ARCH = YES;
				SDKROOT = iphoneos;
				SWIFT_ACTIVE_COMPILATION_CONDITIONS = DEBUG;
				SWIFT_OPTIMIZATION_LEVEL = "-Onone";
			};
			name = Debug;
		};
		0C787B8F2591D85000E04553 /* Release */ = {
			isa = XCBuildConfiguration;
			buildSettings = {
				ALWAYS_SEARCH_USER_PATHS = NO;
				CLANG_ANALYZER_NONNULL = YES;
				CLANG_ANALYZER_NUMBER_OBJECT_CONVERSION = YES_AGGRESSIVE;
				CLANG_CXX_LANGUAGE_STANDARD = "gnu++14";
				CLANG_CXX_LIBRARY = "libc++";
				CLANG_ENABLE_MODULES = YES;
				CLANG_ENABLE_OBJC_ARC = YES;
				CLANG_ENABLE_OBJC_WEAK = YES;
				CLANG_WARN_BLOCK_CAPTURE_AUTORELEASING = YES;
				CLANG_WARN_BOOL_CONVERSION = YES;
				CLANG_WARN_COMMA = YES;
				CLANG_WARN_CONSTANT_CONVERSION = YES;
				CLANG_WARN_DEPRECATED_OBJC_IMPLEMENTATIONS = YES;
				CLANG_WARN_DIRECT_OBJC_ISA_USAGE = YES_ERROR;
				CLANG_WARN_DOCUMENTATION_COMMENTS = YES;
				CLANG_WARN_EMPTY_BODY = YES;
				CLANG_WARN_ENUM_CONVERSION = YES;
				CLANG_WARN_INFINITE_RECURSION = YES;
				CLANG_WARN_INT_CONVERSION = YES;
				CLANG_WARN_NON_LITERAL_NULL_CONVERSION = YES;
				CLANG_WARN_OBJC_IMPLICIT_RETAIN_SELF = YES;
				CLANG_WARN_OBJC_LITERAL_CONVERSION = YES;
				CLANG_WARN_OBJC_ROOT_CLASS = YES_ERROR;
				CLANG_WARN_RANGE_LOOP_ANALYSIS = YES;
				CLANG_WARN_STRICT_PROTOTYPES = YES;
				CLANG_WARN_SUSPICIOUS_MOVE = YES;
				CLANG_WARN_UNGUARDED_AVAILABILITY = YES_AGGRESSIVE;
				CLANG_WARN_UNREACHABLE_CODE = YES;
				CLANG_WARN__DUPLICATE_METHOD_MATCH = YES;
				COPY_PHASE_STRIP = NO;
				DEBUG_INFORMATION_FORMAT = "dwarf-with-dsym";
				ENABLE_NS_ASSERTIONS = NO;
				ENABLE_STRICT_OBJC_MSGSEND = YES;
				GCC_C_LANGUAGE_STANDARD = gnu11;
				GCC_NO_COMMON_BLOCKS = YES;
				GCC_WARN_64_TO_32_BIT_CONVERSION = YES;
				GCC_WARN_ABOUT_RETURN_TYPE = YES_ERROR;
				GCC_WARN_UNDECLARED_SELECTOR = YES;
				GCC_WARN_UNINITIALIZED_AUTOS = YES_AGGRESSIVE;
				GCC_WARN_UNUSED_FUNCTION = YES;
				GCC_WARN_UNUSED_VARIABLE = YES;
				IPHONEOS_DEPLOYMENT_TARGET = 13.4;
				MTL_ENABLE_DEBUG_INFO = NO;
				MTL_FAST_MATH = YES;
				SDKROOT = iphoneos;
				SWIFT_COMPILATION_MODE = wholemodule;
				SWIFT_OPTIMIZATION_LEVEL = "-O";
				VALIDATE_PRODUCT = YES;
			};
			name = Release;
		};
		0C787B912591D85000E04553 /* Debug */ = {
			isa = XCBuildConfiguration;
			baseConfigurationReference = 12FA91781D1DCAE12B3F9623 /* Pods-HKAlbumPicker.debug.xcconfig */;
			buildSettings = {
				ASSETCATALOG_COMPILER_APPICON_NAME = AppIcon;
				CODE_SIGN_STYLE = Automatic;
				DEVELOPMENT_TEAM = 9D4RYQEUG2;
				INFOPLIST_FILE = HKAlbumPicker/Info.plist;
				IPHONEOS_DEPLOYMENT_TARGET = 10.0;
				LD_RUNPATH_SEARCH_PATHS = (
					"$(inherited)",
					"@executable_path/Frameworks",
				);
				PRODUCT_BUNDLE_IDENTIFIER = ahriliu.com.HKAlbumPicker;
				PRODUCT_NAME = "$(TARGET_NAME)";
				SWIFT_VERSION = 5.0;
				TARGETED_DEVICE_FAMILY = "1,2";
			};
			name = Debug;
		};
		0C787B922591D85000E04553 /* Release */ = {
			isa = XCBuildConfiguration;
			baseConfigurationReference = 2E32C27CBA3CA4726B012F10 /* Pods-HKAlbumPicker.release.xcconfig */;
			buildSettings = {
				ASSETCATALOG_COMPILER_APPICON_NAME = AppIcon;
				CODE_SIGN_STYLE = Automatic;
				DEVELOPMENT_TEAM = 9D4RYQEUG2;
				INFOPLIST_FILE = HKAlbumPicker/Info.plist;
				IPHONEOS_DEPLOYMENT_TARGET = 10.0;
				LD_RUNPATH_SEARCH_PATHS = (
					"$(inherited)",
					"@executable_path/Frameworks",
				);
				PRODUCT_BUNDLE_IDENTIFIER = ahriliu.com.HKAlbumPicker;
				PRODUCT_NAME = "$(TARGET_NAME)";
				SWIFT_VERSION = 5.0;
				TARGETED_DEVICE_FAMILY = "1,2";
			};
			name = Release;
		};
		0C787B942591D85000E04553 /* Debug */ = {
			isa = XCBuildConfiguration;
			baseConfigurationReference = 6DB7F9191E80A5C15DB44882 /* Pods-HKAlbumPickerTests.debug.xcconfig */;
			buildSettings = {
				ALWAYS_EMBED_SWIFT_STANDARD_LIBRARIES = YES;
				BUNDLE_LOADER = "$(TEST_HOST)";
				CODE_SIGN_STYLE = Automatic;
				DEVELOPMENT_TEAM = 9D4RYQEUG2;
				INFOPLIST_FILE = HKAlbumPickerTests/Info.plist;
				IPHONEOS_DEPLOYMENT_TARGET = 13.4;
				LD_RUNPATH_SEARCH_PATHS = (
					"$(inherited)",
					"@executable_path/Frameworks",
					"@loader_path/Frameworks",
				);
				PRODUCT_BUNDLE_IDENTIFIER = ahriliu.com.HKAlbumPickerTests;
				PRODUCT_NAME = "$(TARGET_NAME)";
				SWIFT_VERSION = 5.0;
				TARGETED_DEVICE_FAMILY = "1,2";
				TEST_HOST = "$(BUILT_PRODUCTS_DIR)/HKAlbumPicker.app/HKAlbumPicker";
			};
			name = Debug;
		};
		0C787B952591D85000E04553 /* Release */ = {
			isa = XCBuildConfiguration;
			baseConfigurationReference = 2DC20230508E5DB07D096AF5 /* Pods-HKAlbumPickerTests.release.xcconfig */;
			buildSettings = {
				ALWAYS_EMBED_SWIFT_STANDARD_LIBRARIES = YES;
				BUNDLE_LOADER = "$(TEST_HOST)";
				CODE_SIGN_STYLE = Automatic;
				DEVELOPMENT_TEAM = 9D4RYQEUG2;
				INFOPLIST_FILE = HKAlbumPickerTests/Info.plist;
				IPHONEOS_DEPLOYMENT_TARGET = 13.4;
				LD_RUNPATH_SEARCH_PATHS = (
					"$(inherited)",
					"@executable_path/Frameworks",
					"@loader_path/Frameworks",
				);
				PRODUCT_BUNDLE_IDENTIFIER = ahriliu.com.HKAlbumPickerTests;
				PRODUCT_NAME = "$(TARGET_NAME)";
				SWIFT_VERSION = 5.0;
				TARGETED_DEVICE_FAMILY = "1,2";
				TEST_HOST = "$(BUILT_PRODUCTS_DIR)/HKAlbumPicker.app/HKAlbumPicker";
			};
			name = Release;
		};
		0C787B972591D85000E04553 /* Debug */ = {
			isa = XCBuildConfiguration;
			baseConfigurationReference = 95FD6F5F628426BB058AB5D9 /* Pods-HKAlbumPicker-HKAlbumPickerUITests.debug.xcconfig */;
			buildSettings = {
				ALWAYS_EMBED_SWIFT_STANDARD_LIBRARIES = YES;
				CODE_SIGN_STYLE = Automatic;
				DEVELOPMENT_TEAM = 9D4RYQEUG2;
				INFOPLIST_FILE = HKAlbumPickerUITests/Info.plist;
				LD_RUNPATH_SEARCH_PATHS = (
					"$(inherited)",
					"@executable_path/Frameworks",
					"@loader_path/Frameworks",
				);
				PRODUCT_BUNDLE_IDENTIFIER = ahriliu.com.HKAlbumPickerUITests;
				PRODUCT_NAME = "$(TARGET_NAME)";
				SWIFT_VERSION = 5.0;
				TARGETED_DEVICE_FAMILY = "1,2";
				TEST_TARGET_NAME = HKAlbumPicker;
			};
			name = Debug;
		};
		0C787B982591D85000E04553 /* Release */ = {
			isa = XCBuildConfiguration;
			baseConfigurationReference = D4DCFE1B05FABCED2AC99CC5 /* Pods-HKAlbumPicker-HKAlbumPickerUITests.release.xcconfig */;
			buildSettings = {
				ALWAYS_EMBED_SWIFT_STANDARD_LIBRARIES = YES;
				CODE_SIGN_STYLE = Automatic;
				DEVELOPMENT_TEAM = 9D4RYQEUG2;
				INFOPLIST_FILE = HKAlbumPickerUITests/Info.plist;
				LD_RUNPATH_SEARCH_PATHS = (
					"$(inherited)",
					"@executable_path/Frameworks",
					"@loader_path/Frameworks",
				);
				PRODUCT_BUNDLE_IDENTIFIER = ahriliu.com.HKAlbumPickerUITests;
				PRODUCT_NAME = "$(TARGET_NAME)";
				SWIFT_VERSION = 5.0;
				TARGETED_DEVICE_FAMILY = "1,2";
				TEST_TARGET_NAME = HKAlbumPicker;
			};
			name = Release;
		};
/* End XCBuildConfiguration section */

/* Begin XCConfigurationList section */
		0C787B612591D84E00E04553 /* Build configuration list for PBXProject "HKAlbumPicker" */ = {
			isa = XCConfigurationList;
			buildConfigurations = (
				0C787B8E2591D85000E04553 /* Debug */,
				0C787B8F2591D85000E04553 /* Release */,
			);
			defaultConfigurationIsVisible = 0;
			defaultConfigurationName = Release;
		};
		0C787B902591D85000E04553 /* Build configuration list for PBXNativeTarget "HKAlbumPicker" */ = {
			isa = XCConfigurationList;
			buildConfigurations = (
				0C787B912591D85000E04553 /* Debug */,
				0C787B922591D85000E04553 /* Release */,
			);
			defaultConfigurationIsVisible = 0;
			defaultConfigurationName = Release;
		};
		0C787B932591D85000E04553 /* Build configuration list for PBXNativeTarget "HKAlbumPickerTests" */ = {
			isa = XCConfigurationList;
			buildConfigurations = (
				0C787B942591D85000E04553 /* Debug */,
				0C787B952591D85000E04553 /* Release */,
			);
			defaultConfigurationIsVisible = 0;
			defaultConfigurationName = Release;
		};
		0C787B962591D85000E04553 /* Build configuration list for PBXNativeTarget "HKAlbumPickerUITests" */ = {
			isa = XCConfigurationList;
			buildConfigurations = (
				0C787B972591D85000E04553 /* Debug */,
				0C787B982591D85000E04553 /* Release */,
			);
			defaultConfigurationIsVisible = 0;
			defaultConfigurationName = Release;
		};
/* End XCConfigurationList section */
	};
	rootObject = 0C787B5E2591D84E00E04553 /* Project object */;
}
